// !$*UTF8*$!
{
	archiveVersion = 1;
	classes = {
	};
	objectVersion = 50;
	objects = {

/* Begin PBXBuildFile section */
		FFC2CF0824BC8E0D00BFEDB3 /* AppDelegate.swift in Sources */ = {isa = PBXBuildFile; fileRef = FFC2CF0724BC8E0D00BFEDB3 /* AppDelegate.swift */; };
		FFC2CF0A24BC8E0D00BFEDB3 /* SceneDelegate.swift in Sources */ = {isa = PBXBuildFile; fileRef = FFC2CF0924BC8E0D00BFEDB3 /* SceneDelegate.swift */; };
		FFC2CF0C24BC8E0D00BFEDB3 /* ContentView.swift in Sources */ = {isa = PBXBuildFile; fileRef = FFC2CF0B24BC8E0D00BFEDB3 /* ContentView.swift */; };
		FFC2CF0E24BC8E0E00BFEDB3 /* Assets.xcassets in Resources */ = {isa = PBXBuildFile; fileRef = FFC2CF0D24BC8E0E00BFEDB3 /* Assets.xcassets */; };
		FFC2CF1124BC8E0E00BFEDB3 /* Preview Assets.xcassets in Resources */ = {isa = PBXBuildFile; fileRef = FFC2CF1024BC8E0E00BFEDB3 /* Preview Assets.xcassets */; };
		FFC2CF1424BC8E0E00BFEDB3 /* LaunchScreen.storyboard in Resources */ = {isa = PBXBuildFile; fileRef = FFC2CF1224BC8E0E00BFEDB3 /* LaunchScreen.storyboard */; };
		FFC2CF1F24BC8E0E00BFEDB3 /* InstagramRemakeAppTests.swift in Sources */ = {isa = PBXBuildFile; fileRef = FFC2CF1E24BC8E0E00BFEDB3 /* InstagramRemakeAppTests.swift */; };
		FFC2CF2A24BC8E0E00BFEDB3 /* InstagramRemakeAppUITests.swift in Sources */ = {isa = PBXBuildFile; fileRef = FFC2CF2924BC8E0E00BFEDB3 /* InstagramRemakeAppUITests.swift */; };
		FFC2CF3824BC98E600BFEDB3 /* Home.swift in Sources */ = {isa = PBXBuildFile; fileRef = FFC2CF3724BC98E600BFEDB3 /* Home.swift */; };
		FFC2CF3A24BC98EE00BFEDB3 /* Search.swift in Sources */ = {isa = PBXBuildFile; fileRef = FFC2CF3924BC98EE00BFEDB3 /* Search.swift */; };
		FFC2CF3C24BC990000BFEDB3 /* Heart.swift in Sources */ = {isa = PBXBuildFile; fileRef = FFC2CF3B24BC990000BFEDB3 /* Heart.swift */; };
		FFC2CF3E24BC990600BFEDB3 /* Profile.swift in Sources */ = {isa = PBXBuildFile; fileRef = FFC2CF3D24BC990600BFEDB3 /* Profile.swift */; };
		FFC2CF4024BC991000BFEDB3 /* Plus.swift in Sources */ = {isa = PBXBuildFile; fileRef = FFC2CF3F24BC991000BFEDB3 /* Plus.swift */; };
		FFC2CF4324BCAC7A00BFEDB3 /* Billabong.ttf in Resources */ = {isa = PBXBuildFile; fileRef = FFC2CF4224BCAC7A00BFEDB3 /* Billabong.ttf */; };
/* End PBXBuildFile section */

/* Begin PBXContainerItemProxy section */
		FFC2CF1B24BC8E0E00BFEDB3 /* PBXContainerItemProxy */ = {
			isa = PBXContainerItemProxy;
			containerPortal = FFC2CEFC24BC8E0D00BFEDB3 /* Project object */;
			proxyType = 1;
			remoteGlobalIDString = FFC2CF0324BC8E0D00BFEDB3;
			remoteInfo = InstagramRemakeApp;
		};
		FFC2CF2624BC8E0E00BFEDB3 /* PBXContainerItemProxy */ = {
			isa = PBXContainerItemProxy;
			containerPortal = FFC2CEFC24BC8E0D00BFEDB3 /* Project object */;
			proxyType = 1;
			remoteGlobalIDString = FFC2CF0324BC8E0D00BFEDB3;
			remoteInfo = InstagramRemakeApp;
		};
/* End PBXContainerItemProxy section */

/* Begin PBXFileReference section */
		FFC2CF0424BC8E0D00BFEDB3 /* InstagramRemakeApp.app */ = {isa = PBXFileReference; explicitFileType = wrapper.application; includeInIndex = 0; path = InstagramRemakeApp.app; sourceTree = BUILT_PRODUCTS_DIR; };
		FFC2CF0724BC8E0D00BFEDB3 /* AppDelegate.swift */ = {isa = PBXFileReference; lastKnownFileType = sourcecode.swift; path = AppDelegate.swift; sourceTree = "<group>"; };
		FFC2CF0924BC8E0D00BFEDB3 /* SceneDelegate.swift */ = {isa = PBXFileReference; lastKnownFileType = sourcecode.swift; path = SceneDelegate.swift; sourceTree = "<group>"; };
		FFC2CF0B24BC8E0D00BFEDB3 /* ContentView.swift */ = {isa = PBXFileReference; lastKnownFileType = sourcecode.swift; path = ContentView.swift; sourceTree = "<group>"; };
		FFC2CF0D24BC8E0E00BFEDB3 /* Assets.xcassets */ = {isa = PBXFileReference; lastKnownFileType = folder.assetcatalog; path = Assets.xcassets; sourceTree = "<group>"; };
		FFC2CF1024BC8E0E00BFEDB3 /* Preview Assets.xcassets */ = {isa = PBXFileReference; lastKnownFileType = folder.assetcatalog; path = "Preview Assets.xcassets"; sourceTree = "<group>"; };
		FFC2CF1324BC8E0E00BFEDB3 /* Base */ = {isa = PBXFileReference; lastKnownFileType = file.storyboard; name = Base; path = Base.lproj/LaunchScreen.storyboard; sourceTree = "<group>"; };
		FFC2CF1524BC8E0E00BFEDB3 /* Info.plist */ = {isa = PBXFileReference; lastKnownFileType = text.plist.xml; path = Info.plist; sourceTree = "<group>"; };
		FFC2CF1A24BC8E0E00BFEDB3 /* InstagramRemakeAppTests.xctest */ = {isa = PBXFileReference; explicitFileType = wrapper.cfbundle; includeInIndex = 0; path = InstagramRemakeAppTests.xctest; sourceTree = BUILT_PRODUCTS_DIR; };
		FFC2CF1E24BC8E0E00BFEDB3 /* InstagramRemakeAppTests.swift */ = {isa = PBXFileReference; lastKnownFileType = sourcecode.swift; path = InstagramRemakeAppTests.swift; sourceTree = "<group>"; };
		FFC2CF2024BC8E0E00BFEDB3 /* Info.plist */ = {isa = PBXFileReference; lastKnownFileType = text.plist.xml; path = Info.plist; sourceTree = "<group>"; };
		FFC2CF2524BC8E0E00BFEDB3 /* InstagramRemakeAppUITests.xctest */ = {isa = PBXFileReference; explicitFileType = wrapper.cfbundle; includeInIndex = 0; path = InstagramRemakeAppUITests.xctest; sourceTree = BUILT_PRODUCTS_DIR; };
		FFC2CF2924BC8E0E00BFEDB3 /* InstagramRemakeAppUITests.swift */ = {isa = PBXFileReference; lastKnownFileType = sourcecode.swift; path = InstagramRemakeAppUITests.swift; sourceTree = "<group>"; };
		FFC2CF2B24BC8E0E00BFEDB3 /* Info.plist */ = {isa = PBXFileReference; lastKnownFileType = text.plist.xml; path = Info.plist; sourceTree = "<group>"; };
		FFC2CF3724BC98E600BFEDB3 /* Home.swift */ = {isa = PBXFileReference; lastKnownFileType = sourcecode.swift; path = Home.swift; sourceTree = "<group>"; };
		FFC2CF3924BC98EE00BFEDB3 /* Search.swift */ = {isa = PBXFileReference; lastKnownFileType = sourcecode.swift; path = Search.swift; sourceTree = "<group>"; };
		FFC2CF3B24BC990000BFEDB3 /* Heart.swift */ = {isa = PBXFileReference; lastKnownFileType = sourcecode.swift; path = Heart.swift; sourceTree = "<group>"; };
		FFC2CF3D24BC990600BFEDB3 /* Profile.swift */ = {isa = PBXFileReference; lastKnownFileType = sourcecode.swift; path = Profile.swift; sourceTree = "<group>"; };
		FFC2CF3F24BC991000BFEDB3 /* Plus.swift */ = {isa = PBXFileReference; lastKnownFileType = sourcecode.swift; path = Plus.swift; sourceTree = "<group>"; };
		FFC2CF4224BCAC7A00BFEDB3 /* Billabong.ttf */ = {isa = PBXFileReference; lastKnownFileType = file; name = Billabong.ttf; path = ../../../Downloads/Billabong.ttf; sourceTree = "<group>"; };
/* End PBXFileReference section */

/* Begin PBXFrameworksBuildPhase section */
		FFC2CF0124BC8E0D00BFEDB3 /* Frameworks */ = {
			isa = PBXFrameworksBuildPhase;
			buildActionMask = 2147483647;
			files = (
			);
			runOnlyForDeploymentPostprocessing = 0;
		};
		FFC2CF1724BC8E0E00BFEDB3 /* Frameworks */ = {
			isa = PBXFrameworksBuildPhase;
			buildActionMask = 2147483647;
			files = (
			);
			runOnlyForDeploymentPostprocessing = 0;
		};
		FFC2CF2224BC8E0E00BFEDB3 /* Frameworks */ = {
			isa = PBXFrameworksBuildPhase;
			buildActionMask = 2147483647;
			files = (
			);
			runOnlyForDeploymentPostprocessing = 0;
		};
/* End PBXFrameworksBuildPhase section */

/* Begin PBXGroup section */
		FFC2CEFB24BC8E0D00BFEDB3 = {
			isa = PBXGroup;
			children = (
				FFC2CF0624BC8E0D00BFEDB3 /* InstagramRemakeApp */,
				FFC2CF1D24BC8E0E00BFEDB3 /* InstagramRemakeAppTests */,
				FFC2CF2824BC8E0E00BFEDB3 /* InstagramRemakeAppUITests */,
				FFC2CF0524BC8E0D00BFEDB3 /* Products */,
			);
			sourceTree = "<group>";
		};
		FFC2CF0524BC8E0D00BFEDB3 /* Products */ = {
			isa = PBXGroup;
			children = (
				FFC2CF0424BC8E0D00BFEDB3 /* InstagramRemakeApp.app */,
				FFC2CF1A24BC8E0E00BFEDB3 /* InstagramRemakeAppTests.xctest */,
				FFC2CF2524BC8E0E00BFEDB3 /* InstagramRemakeAppUITests.xctest */,
			);
			name = Products;
			sourceTree = "<group>";
		};
		FFC2CF0624BC8E0D00BFEDB3 /* InstagramRemakeApp */ = {
			isa = PBXGroup;
			children = (
				FFC2CF0724BC8E0D00BFEDB3 /* AppDelegate.swift */,
				FFC2CF0924BC8E0D00BFEDB3 /* SceneDelegate.swift */,
				FFC2CF0B24BC8E0D00BFEDB3 /* ContentView.swift */,
				FFC2CF3724BC98E600BFEDB3 /* Home.swift */,
				FFC2CF3924BC98EE00BFEDB3 /* Search.swift */,
				FFC2CF3B24BC990000BFEDB3 /* Heart.swift */,
				FFC2CF3D24BC990600BFEDB3 /* Profile.swift */,
				FFC2CF3F24BC991000BFEDB3 /* Plus.swift */,
				FFC2CF4224BCAC7A00BFEDB3 /* Billabong.ttf */,
				FFC2CF0D24BC8E0E00BFEDB3 /* Assets.xcassets */,
				FFC2CF1224BC8E0E00BFEDB3 /* LaunchScreen.storyboard */,
				FFC2CF1524BC8E0E00BFEDB3 /* Info.plist */,
				FFC2CF0F24BC8E0E00BFEDB3 /* Preview Content */,
			);
			path = InstagramRemakeApp;
			sourceTree = "<group>";
		};
		FFC2CF0F24BC8E0E00BFEDB3 /* Preview Content */ = {
			isa = PBXGroup;
			children = (
				FFC2CF1024BC8E0E00BFEDB3 /* Preview Assets.xcassets */,
			);
			path = "Preview Content";
			sourceTree = "<group>";
		};
		FFC2CF1D24BC8E0E00BFEDB3 /* InstagramRemakeAppTests */ = {
			isa = PBXGroup;
			children = (
				FFC2CF1E24BC8E0E00BFEDB3 /* InstagramRemakeAppTests.swift */,
				FFC2CF2024BC8E0E00BFEDB3 /* Info.plist */,
			);
			path = InstagramRemakeAppTests;
			sourceTree = "<group>";
		};
		FFC2CF2824BC8E0E00BFEDB3 /* InstagramRemakeAppUITests */ = {
			isa = PBXGroup;
			children = (
				FFC2CF2924BC8E0E00BFEDB3 /* InstagramRemakeAppUITests.swift */,
				FFC2CF2B24BC8E0E00BFEDB3 /* Info.plist */,
			);
			path = InstagramRemakeAppUITests;
			sourceTree = "<group>";
		};
/* End PBXGroup section */

/* Begin PBXNativeTarget section */
		FFC2CF0324BC8E0D00BFEDB3 /* InstagramRemakeApp */ = {
			isa = PBXNativeTarget;
			buildConfigurationList = FFC2CF2E24BC8E0E00BFEDB3 /* Build configuration list for PBXNativeTarget "InstagramRemakeApp" */;
			buildPhases = (
				FFC2CF0024BC8E0D00BFEDB3 /* Sources */,
				FFC2CF0124BC8E0D00BFEDB3 /* Frameworks */,
				FFC2CF0224BC8E0D00BFEDB3 /* Resources */,
			);
			buildRules = (
			);
			dependencies = (
			);
			name = InstagramRemakeApp;
			productName = InstagramRemakeApp;
			productReference = FFC2CF0424BC8E0D00BFEDB3 /* InstagramRemakeApp.app */;
			productType = "com.apple.product-type.application";
		};
		FFC2CF1924BC8E0E00BFEDB3 /* InstagramRemakeAppTests */ = {
			isa = PBXNativeTarget;
			buildConfigurationList = FFC2CF3124BC8E0E00BFEDB3 /* Build configuration list for PBXNativeTarget "InstagramRemakeAppTests" */;
			buildPhases = (
				FFC2CF1624BC8E0E00BFEDB3 /* Sources */,
				FFC2CF1724BC8E0E00BFEDB3 /* Frameworks */,
				FFC2CF1824BC8E0E00BFEDB3 /* Resources */,
			);
			buildRules = (
			);
			dependencies = (
				FFC2CF1C24BC8E0E00BFEDB3 /* PBXTargetDependency */,
			);
			name = InstagramRemakeAppTests;
			productName = InstagramRemakeAppTests;
			productReference = FFC2CF1A24BC8E0E00BFEDB3 /* InstagramRemakeAppTests.xctest */;
			productType = "com.apple.product-type.bundle.unit-test";
		};
		FFC2CF2424BC8E0E00BFEDB3 /* InstagramRemakeAppUITests */ = {
			isa = PBXNativeTarget;
			buildConfigurationList = FFC2CF3424BC8E0E00BFEDB3 /* Build configuration list for PBXNativeTarget "InstagramRemakeAppUITests" */;
			buildPhases = (
				FFC2CF2124BC8E0E00BFEDB3 /* Sources */,
				FFC2CF2224BC8E0E00BFEDB3 /* Frameworks */,
				FFC2CF2324BC8E0E00BFEDB3 /* Resources */,
			);
			buildRules = (
			);
			dependencies = (
				FFC2CF2724BC8E0E00BFEDB3 /* PBXTargetDependency */,
			);
			name = InstagramRemakeAppUITests;
			productName = InstagramRemakeAppUITests;
			productReference = FFC2CF2524BC8E0E00BFEDB3 /* InstagramRemakeAppUITests.xctest */;
			productType = "com.apple.product-type.bundle.ui-testing";
		};
/* End PBXNativeTarget section */

/* Begin PBXProject section */
		FFC2CEFC24BC8E0D00BFEDB3 /* Project object */ = {
			isa = PBXProject;
			attributes = {
				LastSwiftUpdateCheck = 1150;
				LastUpgradeCheck = 1150;
				ORGANIZATIONNAME = "James Nagler";
				TargetAttributes = {
					FFC2CF0324BC8E0D00BFEDB3 = {
						CreatedOnToolsVersion = 11.5;
					};
					FFC2CF1924BC8E0E00BFEDB3 = {
						CreatedOnToolsVersion = 11.5;
						TestTargetID = FFC2CF0324BC8E0D00BFEDB3;
					};
					FFC2CF2424BC8E0E00BFEDB3 = {
						CreatedOnToolsVersion = 11.5;
						TestTargetID = FFC2CF0324BC8E0D00BFEDB3;
					};
				};
			};
			buildConfigurationList = FFC2CEFF24BC8E0D00BFEDB3 /* Build configuration list for PBXProject "InstagramRemakeApp" */;
			compatibilityVersion = "Xcode 9.3";
			developmentRegion = en;
			hasScannedForEncodings = 0;
			knownRegions = (
				en,
				Base,
			);
			mainGroup = FFC2CEFB24BC8E0D00BFEDB3;
			productRefGroup = FFC2CF0524BC8E0D00BFEDB3 /* Products */;
			projectDirPath = "";
			projectRoot = "";
			targets = (
				FFC2CF0324BC8E0D00BFEDB3 /* InstagramRemakeApp */,
				FFC2CF1924BC8E0E00BFEDB3 /* InstagramRemakeAppTests */,
				FFC2CF2424BC8E0E00BFEDB3 /* InstagramRemakeAppUITests */,
			);
		};
/* End PBXProject section */

/* Begin PBXResourcesBuildPhase section */
		FFC2CF0224BC8E0D00BFEDB3 /* Resources */ = {
			isa = PBXResourcesBuildPhase;
			buildActionMask = 2147483647;
			files = (
				FFC2CF1424BC8E0E00BFEDB3 /* LaunchScreen.storyboard in Resources */,
				FFC2CF1124BC8E0E00BFEDB3 /* Preview Assets.xcassets in Resources */,
				FFC2CF0E24BC8E0E00BFEDB3 /* Assets.xcassets in Resources */,
				FFC2CF4324BCAC7A00BFEDB3 /* Billabong.ttf in Resources */,
			);
			runOnlyForDeploymentPostprocessing = 0;
		};
		FFC2CF1824BC8E0E00BFEDB3 /* Resources */ = {
			isa = PBXResourcesBuildPhase;
			buildActionMask = 2147483647;
			files = (
			);
			runOnlyForDeploymentPostprocessing = 0;
		};
		FFC2CF2324BC8E0E00BFEDB3 /* Resources */ = {
			isa = PBXResourcesBuildPhase;
			buildActionMask = 2147483647;
			files = (
			);
			runOnlyForDeploymentPostprocessing = 0;
		};
/* End PBXResourcesBuildPhase section */

/* Begin PBXSourcesBuildPhase section */
		FFC2CF0024BC8E0D00BFEDB3 /* Sources */ = {
			isa = PBXSourcesBuildPhase;
			buildActionMask = 2147483647;
			files = (
				FFC2CF3C24BC990000BFEDB3 /* Heart.swift in Sources */,
				FFC2CF4024BC991000BFEDB3 /* Plus.swift in Sources */,
				FFC2CF0824BC8E0D00BFEDB3 /* AppDelegate.swift in Sources */,
				FFC2CF0A24BC8E0D00BFEDB3 /* SceneDelegate.swift in Sources */,
				FFC2CF3E24BC990600BFEDB3 /* Profile.swift in Sources */,
				FFC2CF3A24BC98EE00BFEDB3 /* Search.swift in Sources */,
				FFC2CF3824BC98E600BFEDB3 /* Home.swift in Sources */,
				FFC2CF0C24BC8E0D00BFEDB3 /* ContentView.swift in Sources */,
			);
			runOnlyForDeploymentPostprocessing = 0;
		};
		FFC2CF1624BC8E0E00BFEDB3 /* Sources */ = {
			isa = PBXSourcesBuildPhase;
			buildActionMask = 2147483647;
			files = (
				FFC2CF1F24BC8E0E00BFEDB3 /* InstagramRemakeAppTests.swift in Sources */,
			);
			runOnlyForDeploymentPostprocessing = 0;
		};
		FFC2CF2124BC8E0E00BFEDB3 /* Sources */ = {
			isa = PBXSourcesBuildPhase;
			buildActionMask = 2147483647;
			files = (
				FFC2CF2A24BC8E0E00BFEDB3 /* InstagramRemakeAppUITests.swift in Sources */,
			);
			runOnlyForDeploymentPostprocessing = 0;
		};
/* End PBXSourcesBuildPhase section */

/* Begin PBXTargetDependency section */
		FFC2CF1C24BC8E0E00BFEDB3 /* PBXTargetDependency */ = {
			isa = PBXTargetDependency;
			target = FFC2CF0324BC8E0D00BFEDB3 /* InstagramRemakeApp */;
			targetProxy = FFC2CF1B24BC8E0E00BFEDB3 /* PBXContainerItemProxy */;
		};
		FFC2CF2724BC8E0E00BFEDB3 /* PBXTargetDependency */ = {
			isa = PBXTargetDependency;
			target = FFC2CF0324BC8E0D00BFEDB3 /* InstagramRemakeApp */;
			targetProxy = FFC2CF2624BC8E0E00BFEDB3 /* PBXContainerItemProxy */;
		};
/* End PBXTargetDependency section */

/* Begin PBXVariantGroup section */
		FFC2CF1224BC8E0E00BFEDB3 /* LaunchScreen.storyboard */ = {
			isa = PBXVariantGroup;
			children = (
				FFC2CF1324BC8E0E00BFEDB3 /* Base */,
			);
			name = LaunchScreen.storyboard;
			sourceTree = "<group>";
		};
/* End PBXVariantGroup section */

/* Begin XCBuildConfiguration section */
		FFC2CF2C24BC8E0E00BFEDB3 /* Debug */ = {
			isa = XCBuildConfiguration;
			buildSettings = {
				ALWAYS_SEARCH_USER_PATHS = NO;
				CLANG_ANALYZER_NONNULL = YES;
				CLANG_ANALYZER_NUMBER_OBJECT_CONVERSION = YES_AGGRESSIVE;
				CLANG_CXX_LANGUAGE_STANDARD = "gnu++14";
				CLANG_CXX_LIBRARY = "libc++";
				CLANG_ENABLE_MODULES = YES;
				CLANG_ENABLE_OBJC_ARC = YES;
				CLANG_ENABLE_OBJC_WEAK = YES;
				CLANG_WARN_BLOCK_CAPTURE_AUTORELEASING = YES;
				CLANG_WARN_BOOL_CONVERSION = YES;
				CLANG_WARN_COMMA = YES;
				CLANG_WARN_CONSTANT_CONVERSION = YES;
				CLANG_WARN_DEPRECATED_OBJC_IMPLEMENTATIONS = YES;
				CLANG_WARN_DIRECT_OBJC_ISA_USAGE = YES_ERROR;
				CLANG_WARN_DOCUMENTATION_COMMENTS = YES;
				CLANG_WARN_EMPTY_BODY = YES;
				CLANG_WARN_ENUM_CONVERSION = YES;
				CLANG_WARN_INFINITE_RECURSION = YES;
				CLANG_WARN_INT_CONVERSION = YES;
				CLANG_WARN_NON_LITERAL_NULL_CONVERSION = YES;
				CLANG_WARN_OBJC_IMPLICIT_RETAIN_SELF = YES;
				CLANG_WARN_OBJC_LITERAL_CONVERSION = YES;
				CLANG_WARN_OBJC_ROOT_CLASS = YES_ERROR;
				CLANG_WARN_RANGE_LOOP_ANALYSIS = YES;
				CLANG_WARN_STRICT_PROTOTYPES = YES;
				CLANG_WARN_SUSPICIOUS_MOVE = YES;
				CLANG_WARN_UNGUARDED_AVAILABILITY = YES_AGGRESSIVE;
				CLANG_WARN_UNREACHABLE_CODE = YES;
				CLANG_WARN__DUPLICATE_METHOD_MATCH = YES;
				COPY_PHASE_STRIP = NO;
				DEBUG_INFORMATION_FORMAT = dwarf;
				ENABLE_STRICT_OBJC_MSGSEND = YES;
				ENABLE_TESTABILITY = YES;
				GCC_C_LANGUAGE_STANDARD = gnu11;
				GCC_DYNAMIC_NO_PIC = NO;
				GCC_NO_COMMON_BLOCKS = YES;
				GCC_OPTIMIZATION_LEVEL = 0;
				GCC_PREPROCESSOR_DEFINITIONS = (
					"DEBUG=1",
					"$(inherited)",
				);
				GCC_WARN_64_TO_32_BIT_CONVERSION = YES;
				GCC_WARN_ABOUT_RETURN_TYPE = YES_ERROR;
				GCC_WARN_UNDECLARED_SELECTOR = YES;
				GCC_WARN_UNINITIALIZED_AUTOS = YES_AGGRESSIVE;
				GCC_WARN_UNUSED_FUNCTION = YES;
				GCC_WARN_UNUSED_VARIABLE = YES;
				IPHONEOS_DEPLOYMENT_TARGET = 13.5;
				MTL_ENABLE_DEBUG_INFO = INCLUDE_SOURCE;
				MTL_FAST_MATH = YES;
				ONLY_ACTIVE_ARCH = YES;
				SDKROOT = iphoneos;
				SWIFT_ACTIVE_COMPILATION_CONDITIONS = DEBUG;
				SWIFT_OPTIMIZATION_LEVEL = "-Onone";
			};
			name = Debug;
		};
		FFC2CF2D24BC8E0E00BFEDB3 /* Release */ = {
			isa = XCBuildConfiguration;
			buildSettings = {
				ALWAYS_SEARCH_USER_PATHS = NO;
				CLANG_ANALYZER_NONNULL = YES;
				CLANG_ANALYZER_NUMBER_OBJECT_CONVERSION = YES_AGGRESSIVE;
				CLANG_CXX_LANGUAGE_STANDARD = "gnu++14";
				CLANG_CXX_LIBRARY = "libc++";
				CLANG_ENABLE_MODULES = YES;
				CLANG_ENABLE_OBJC_ARC = YES;
				CLANG_ENABLE_OBJC_WEAK = YES;
				CLANG_WARN_BLOCK_CAPTURE_AUTORELEASING = YES;
				CLANG_WARN_BOOL_CONVERSION = YES;
				CLANG_WARN_COMMA = YES;
				CLANG_WARN_CONSTANT_CONVERSION = YES;
				CLANG_WARN_DEPRECATED_OBJC_IMPLEMENTATIONS = YES;
				CLANG_WARN_DIRECT_OBJC_ISA_USAGE = YES_ERROR;
				CLANG_WARN_DOCUMENTATION_COMMENTS = YES;
				CLANG_WARN_EMPTY_BODY = YES;
				CLANG_WARN_ENUM_CONVERSION = YES;
				CLANG_WARN_INFINITE_RECURSION = YES;
				CLANG_WARN_INT_CONVERSION = YES;
				CLANG_WARN_NON_LITERAL_NULL_CONVERSION = YES;
				CLANG_WARN_OBJC_IMPLICIT_RETAIN_SELF = YES;
				CLANG_WARN_OBJC_LITERAL_CONVERSION = YES;
				CLANG_WARN_OBJC_ROOT_CLASS = YES_ERROR;
				CLANG_WARN_RANGE_LOOP_ANALYSIS = YES;
				CLANG_WARN_STRICT_PROTOTYPES = YES;
				CLANG_WARN_SUSPICIOUS_MOVE = YES;
				CLANG_WARN_UNGUARDED_AVAILABILITY = YES_AGGRESSIVE;
				CLANG_WARN_UNREACHABLE_CODE = YES;
				CLANG_WARN__DUPLICATE_METHOD_MATCH = YES;
				COPY_PHASE_STRIP = NO;
				DEBUG_INFORMATION_FORMAT = "dwarf-with-dsym";
				ENABLE_NS_ASSERTIONS = NO;
				ENABLE_STRICT_OBJC_MSGSEND = YES;
				GCC_C_LANGUAGE_STANDARD = gnu11;
				GCC_NO_COMMON_BLOCKS = YES;
				GCC_WARN_64_TO_32_BIT_CONVERSION = YES;
				GCC_WARN_ABOUT_RETURN_TYPE = YES_ERROR;
				GCC_WARN_UNDECLARED_SELECTOR = YES;
				GCC_WARN_UNINITIALIZED_AUTOS = YES_AGGRESSIVE;
				GCC_WARN_UNUSED_FUNCTION = YES;
				GCC_WARN_UNUSED_VARIABLE = YES;
				IPHONEOS_DEPLOYMENT_TARGET = 13.5;
				MTL_ENABLE_DEBUG_INFO = NO;
				MTL_FAST_MATH = YES;
				SDKROOT = iphoneos;
				SWIFT_COMPILATION_MODE = wholemodule;
				SWIFT_OPTIMIZATION_LEVEL = "-O";
				VALIDATE_PRODUCT = YES;
			};
			name = Release;
		};
		FFC2CF2F24BC8E0E00BFEDB3 /* Debug */ = {
			isa = XCBuildConfiguration;
			buildSettings = {
				ASSETCATALOG_COMPILER_APPICON_NAME = AppIcon;
				CODE_SIGN_STYLE = Automatic;
				DEVELOPMENT_ASSET_PATHS = "\"InstagramRemakeApp/Preview Content\"";
				DEVELOPMENT_TEAM = A88ZKMY4B9;
				ENABLE_PREVIEWS = YES;
				INFOPLIST_FILE = InstagramRemakeApp/Info.plist;
				LD_RUNPATH_SEARCH_PATHS = (
					"$(inherited)",
					"@executable_path/Frameworks",
				);
				PRODUCT_BUNDLE_IDENTIFIER = com.nagler.InstagramRemakeApp;
				PRODUCT_NAME = "$(TARGET_NAME)";
				SWIFT_VERSION = 5.0;
				TARGETED_DEVICE_FAMILY = "1,2";
			};
			name = Debug;
		};
		FFC2CF3024BC8E0E00BFEDB3 /* Release */ = {
			isa = XCBuildConfiguration;
			buildSettings = {
				ASSETCATALOG_COMPILER_APPICON_NAME = AppIcon;
				CODE_SIGN_STYLE = Automatic;
				DEVELOPMENT_ASSET_PATHS = "\"InstagramRemakeApp/Preview Content\"";
				DEVELOPMENT_TEAM = A88ZKMY4B9;
				ENABLE_PREVIEWS = YES;
				INFOPLIST_FILE = InstagramRemakeApp/Info.plist;
				LD_RUNPATH_SEARCH_PATHS = (
					"$(inherited)",
					"@executable_path/Frameworks",
				);
				PRODUCT_BUNDLE_IDENTIFIER = com.nagler.InstagramRemakeApp;
				PRODUCT_NAME = "$(TARGET_NAME)";
				SWIFT_VERSION = 5.0;
				TARGETED_DEVICE_FAMILY = "1,2";
			};
			name = Release;
		};
		FFC2CF3224BC8E0E00BFEDB3 /* Debug */ = {
			isa = XCBuildConfiguration;
			buildSettings = {
				ALWAYS_EMBED_SWIFT_STANDARD_LIBRARIES = YES;
				BUNDLE_LOADER = "$(TEST_HOST)";
				CODE_SIGN_STYLE = Automatic;
				DEVELOPMENT_TEAM = A88ZKMY4B9;
				INFOPLIST_FILE = InstagramRemakeAppTests/Info.plist;
				IPHONEOS_DEPLOYMENT_TARGET = 13.5;
				LD_RUNPATH_SEARCH_PATHS = (
					"$(inherited)",
					"@executable_path/Frameworks",
					"@loader_path/Frameworks",
				);
				PRODUCT_BUNDLE_IDENTIFIER = com.nagler.InstagramRemakeAppTests;
				PRODUCT_NAME = "$(TARGET_NAME)";
				SWIFT_VERSION = 5.0;
				TARGETED_DEVICE_FAMILY = "1,2";
				TEST_HOST = "$(BUILT_PRODUCTS_DIR)/InstagramRemakeApp.app/InstagramRemakeApp";
			};
			name = Debug;
		};
		FFC2CF3324BC8E0E00BFEDB3 /* Release */ = {
			isa = XCBuildConfiguration;
			buildSettings = {
				ALWAYS_EMBED_SWIFT_STANDARD_LIBRARIES = YES;
				BUNDLE_LOADER = "$(TEST_HOST)";
				CODE_SIGN_STYLE = Automatic;
				DEVELOPMENT_TEAM = A88ZKMY4B9;
				INFOPLIST_FILE = InstagramRemakeAppTests/Info.plist;
				IPHONEOS_DEPLOYMENT_TARGET = 13.5;
				LD_RUNPATH_SEARCH_PATHS = (
					"$(inherited)",
					"@executable_path/Frameworks",
					"@loader_path/Frameworks",
				);
				PRODUCT_BUNDLE_IDENTIFIER = com.nagler.InstagramRemakeAppTests;
				PRODUCT_NAME = "$(TARGET_NAME)";
				SWIFT_VERSION = 5.0;
				TARGETED_DEVICE_FAMILY = "1,2";
				TEST_HOST = "$(BUILT_PRODUCTS_DIR)/InstagramRemakeApp.app/InstagramRemakeApp";
			};
			name = Release;
		};
		FFC2CF3524BC8E0E00BFEDB3 /* Debug */ = {
			isa = XCBuildConfiguration;
			buildSettings = {
				ALWAYS_EMBED_SWIFT_STANDARD_LIBRARIES = YES;
				CODE_SIGN_STYLE = Automatic;
				DEVELOPMENT_TEAM = A88ZKMY4B9;
				INFOPLIST_FILE = InstagramRemakeAppUITests/Info.plist;
				LD_RUNPATH_SEARCH_PATHS = (
					"$(inherited)",
					"@executable_path/Frameworks",
					"@loader_path/Frameworks",
				);
				PRODUCT_BUNDLE_IDENTIFIER = com.nagler.InstagramRemakeAppUITests;
				PRODUCT_NAME = "$(TARGET_NAME)";
				SWIFT_VERSION = 5.0;
				TARGETED_DEVICE_FAMILY = "1,2";
				TEST_TARGET_NAME = InstagramRemakeApp;
			};
			name = Debug;
		};
		FFC2CF3624BC8E0E00BFEDB3 /* Release */ = {
			isa = XCBuildConfiguration;
			buildSettings = {
				ALWAYS_EMBED_SWIFT_STANDARD_LIBRARIES = YES;
				CODE_SIGN_STYLE = Automatic;
				DEVELOPMENT_TEAM = A88ZKMY4B9;
				INFOPLIST_FILE = InstagramRemakeAppUITests/Info.plist;
				LD_RUNPATH_SEARCH_PATHS = (
					"$(inherited)",
					"@executable_path/Frameworks",
					"@loader_path/Frameworks",
				);
				PRODUCT_BUNDLE_IDENTIFIER = com.nagler.InstagramRemakeAppUITests;
				PRODUCT_NAME = "$(TARGET_NAME)";
				SWIFT_VERSION = 5.0;
				TARGETED_DEVICE_FAMILY = "1,2";
				TEST_TARGET_NAME = InstagramRemakeApp;
			};
			name = Release;
		};
/* End XCBuildConfiguration section */

/* Begin XCConfigurationList section */
		FFC2CEFF24BC8E0D00BFEDB3 /* Build configuration list for PBXProject "InstagramRemakeApp" */ = {
			isa = XCConfigurationList;
			buildConfigurations = (
				FFC2CF2C24BC8E0E00BFEDB3 /* Debug */,
				FFC2CF2D24BC8E0E00BFEDB3 /* Release */,
			);
			defaultConfigurationIsVisible = 0;
			defaultConfigurationName = Release;
		};
		FFC2CF2E24BC8E0E00BFEDB3 /* Build configuration list for PBXNativeTarget "InstagramRemakeApp" */ = {
			isa = XCConfigurationList;
			buildConfigurations = (
				FFC2CF2F24BC8E0E00BFEDB3 /* Debug */,
				FFC2CF3024BC8E0E00BFEDB3 /* Release */,
			);
			defaultConfigurationIsVisible = 0;
			defaultConfigurationName = Release;
		};
		FFC2CF3124BC8E0E00BFEDB3 /* Build configuration list for PBXNativeTarget "InstagramRemakeAppTests" */ = {
			isa = XCConfigurationList;
			buildConfigurations = (
				FFC2CF3224BC8E0E00BFEDB3 /* Debug */,
				FFC2CF3324BC8E0E00BFEDB3 /* Release */,
			);
			defaultConfigurationIsVisible = 0;
			defaultConfigurationName = Release;
		};
		FFC2CF3424BC8E0E00BFEDB3 /* Build configuration list for PBXNativeTarget "InstagramRemakeAppUITests" */ = {
			isa = XCConfigurationList;
			buildConfigurations = (
				FFC2CF3524BC8E0E00BFEDB3 /* Debug */,
				FFC2CF3624BC8E0E00BFEDB3 /* Release */,
			);
			defaultConfigurationIsVisible = 0;
			defaultConfigurationName = Release;
		};
/* End XCConfigurationList section */
	};
	rootObject = FFC2CEFC24BC8E0D00BFEDB3 /* Project object */;
}
